
Microsoft Visual Studio Solution File, Format Version 12.00
# Visual Studio Version 17
VisualStudioVersion = 17.4.33122.133
MinimumVisualStudioVersion = 10.0.40219.1
Project("{FAE04EC0-301F-11D3-BF4B-00C04F79EFBC}") = "JokesWebAppMVC", "JokesWebAppMVC\JokesWebAppMVC.csproj", "{02A419BE-59F4-47FE-8816-A8C92274F069}"
EndProject
Global
	GlobalSection(SolutionConfigurationPlatforms) = preSolution
		Debug|Any CPU = Debug|Any CPU
		Release|Any CPU = Release|Any CPU
	EndGlobalSection
	GlobalSection(ProjectConfigurationPlatforms) = postSolution
		{02A419BE-59F4-47FE-8816-A8C92274F069}.Debug|Any CPU.ActiveCfg = Debug|Any CPU
		{02A419BE-59F4-47FE-8816-A8C92274F069}.Debug|Any CPU.Build.0 = Debug|Any CPU
		{02A419BE-59F4-47FE-8816-A8C92274F069}.Release|Any CPU.ActiveCfg = Release|Any CPU
		{02A419BE-59F4-47FE-8816-A8C92274F069}.Release|Any CPU.Build.0 = Release|Any CPU
	EndGlobalSection
	GlobalSection(SolutionProperties) = preSolution
		HideSolutionNode = FALSE
	EndGlobalSection
	GlobalSection(ExtensibilityGlobals) = postSolution
		SolutionGuid = {A2F952FD-66F3-473E-AEA3-89AC0D1709DF}
	EndGlobalSection
EndGlobal
